// !$*UTF8*$!
{
	archiveVersion = 1;
	classes = {
	};
	objectVersion = 46;
	objects = {

/* Begin PBXBuildFile section */
		657BA6F62238A1CC0000D707 /* main.cpp in Sources */ = {isa = PBXBuildFile; fileRef = 657BA6F52238A1CC0000D707 /* main.cpp */; };
		657BA7032238A1DB0000D707 /* main.cpp in Sources */ = {isa = PBXBuildFile; fileRef = 657BA7022238A1DB0000D707 /* main.cpp */; };
		657BA70C2238B3E40000D707 /* binarySearch.cpp in Sources */ = {isa = PBXBuildFile; fileRef = 657BA70A2238B3E40000D707 /* binarySearch.cpp */; };
		658B64312240927200B4255C /* main.cpp in Sources */ = {isa = PBXBuildFile; fileRef = 658B64302240927200B4255C /* main.cpp */; };
/* End PBXBuildFile section */

/* Begin PBXCopyFilesBuildPhase section */
		657BA6F02238A1CC0000D707 /* CopyFiles */ = {
			isa = PBXCopyFilesBuildPhase;
			buildActionMask = 2147483647;
			dstPath = /usr/share/man/man1/;
			dstSubfolderSpec = 0;
			files = (
			);
			runOnlyForDeploymentPostprocessing = 1;
		};
		657BA6FE2238A1DB0000D707 /* CopyFiles */ = {
			isa = PBXCopyFilesBuildPhase;
			buildActionMask = 2147483647;
			dstPath = /usr/share/man/man1/;
			dstSubfolderSpec = 0;
			files = (
			);
			runOnlyForDeploymentPostprocessing = 1;
		};
		658B642C2240927200B4255C /* CopyFiles */ = {
			isa = PBXCopyFilesBuildPhase;
			buildActionMask = 2147483647;
			dstPath = /usr/share/man/man1/;
			dstSubfolderSpec = 0;
			files = (
			);
			runOnlyForDeploymentPostprocessing = 1;
		};
/* End PBXCopyFilesBuildPhase section */

/* Begin PBXFileReference section */
		657BA6F22238A1CC0000D707 /* programingBasics */ = {isa = PBXFileReference; explicitFileType = "compiled.mach-o.executable"; includeInIndex = 0; path = programingBasics; sourceTree = BUILT_PRODUCTS_DIR; };
		657BA6F52238A1CC0000D707 /* main.cpp */ = {isa = PBXFileReference; lastKnownFileType = sourcecode.cpp.cpp; path = main.cpp; sourceTree = "<group>"; };
		657BA7002238A1DB0000D707 /* binarySearch */ = {isa = PBXFileReference; explicitFileType = "compiled.mach-o.executable"; includeInIndex = 0; path = binarySearch; sourceTree = BUILT_PRODUCTS_DIR; };
		657BA7022238A1DB0000D707 /* main.cpp */ = {isa = PBXFileReference; lastKnownFileType = sourcecode.cpp.cpp; path = main.cpp; sourceTree = "<group>"; };
		657BA70A2238B3E40000D707 /* binarySearch.cpp */ = {isa = PBXFileReference; fileEncoding = 4; lastKnownFileType = sourcecode.cpp.cpp; path = binarySearch.cpp; sourceTree = "<group>"; };
		657BA70B2238B3E40000D707 /* binarySearch.hpp */ = {isa = PBXFileReference; fileEncoding = 4; lastKnownFileType = sourcecode.cpp.h; path = binarySearch.hpp; sourceTree = "<group>"; };
		658B642E2240927200B4255C /* reverseString */ = {isa = PBXFileReference; explicitFileType = "compiled.mach-o.executable"; includeInIndex = 0; path = reverseString; sourceTree = BUILT_PRODUCTS_DIR; };
		658B64302240927200B4255C /* main.cpp */ = {isa = PBXFileReference; lastKnownFileType = sourcecode.cpp.cpp; path = main.cpp; sourceTree = "<group>"; };
/* End PBXFileReference section */

/* Begin PBXFrameworksBuildPhase section */
		657BA6EF2238A1CC0000D707 /* Frameworks */ = {
			isa = PBXFrameworksBuildPhase;
			buildActionMask = 2147483647;
			files = (
			);
			runOnlyForDeploymentPostprocessing = 0;
		};
		657BA6FD2238A1DB0000D707 /* Frameworks */ = {
			isa = PBXFrameworksBuildPhase;
			buildActionMask = 2147483647;
			files = (
			);
			runOnlyForDeploymentPostprocessing = 0;
		};
		658B642B2240927200B4255C /* Frameworks */ = {
			isa = PBXFrameworksBuildPhase;
			buildActionMask = 2147483647;
			files = (
			);
			runOnlyForDeploymentPostprocessing = 0;
		};
/* End PBXFrameworksBuildPhase section */

/* Begin PBXGroup section */
		657BA6E92238A1CC0000D707 = {
			isa = PBXGroup;
			children = (
				657BA6F42238A1CC0000D707 /* programingBasics */,
				657BA7012238A1DB0000D707 /* binarySearch */,
				658B642F2240927200B4255C /* reverseString */,
				657BA6F32238A1CC0000D707 /* Products */,
			);
			sourceTree = "<group>";
		};
		657BA6F32238A1CC0000D707 /* Products */ = {
			isa = PBXGroup;
			children = (
				657BA6F22238A1CC0000D707 /* programingBasics */,
				657BA7002238A1DB0000D707 /* binarySearch */,
				658B642E2240927200B4255C /* reverseString */,
			);
			name = Products;
			sourceTree = "<group>";
		};
		657BA6F42238A1CC0000D707 /* programingBasics */ = {
			isa = PBXGroup;
			children = (
				657BA6F52238A1CC0000D707 /* main.cpp */,
			);
			path = programingBasics;
			sourceTree = "<group>";
		};
		657BA7012238A1DB0000D707 /* binarySearch */ = {
			isa = PBXGroup;
			children = (
				657BA7022238A1DB0000D707 /* main.cpp */,
				657BA70A2238B3E40000D707 /* binarySearch.cpp */,
				657BA70B2238B3E40000D707 /* binarySearch.hpp */,
			);
			path = binarySearch;
			sourceTree = "<group>";
		};
		658B642F2240927200B4255C /* reverseString */ = {
			isa = PBXGroup;
			children = (
				658B64302240927200B4255C /* main.cpp */,
			);
			path = reverseString;
			sourceTree = "<group>";
		};
/* End PBXGroup section */

/* Begin PBXNativeTarget section */
		657BA6F12238A1CC0000D707 /* programingBasics */ = {
			isa = PBXNativeTarget;
			buildConfigurationList = 657BA6F92238A1CC0000D707 /* Build configuration list for PBXNativeTarget "programingBasics" */;
			buildPhases = (
				657BA6EE2238A1CC0000D707 /* Sources */,
				657BA6EF2238A1CC0000D707 /* Frameworks */,
				657BA6F02238A1CC0000D707 /* CopyFiles */,
			);
			buildRules = (
			);
			dependencies = (
			);
			name = programingBasics;
			productName = programingBasics;
			productReference = 657BA6F22238A1CC0000D707 /* programingBasics */;
			productType = "com.apple.product-type.tool";
		};
		657BA6FF2238A1DB0000D707 /* binarySearch */ = {
			isa = PBXNativeTarget;
			buildConfigurationList = 657BA7042238A1DB0000D707 /* Build configuration list for PBXNativeTarget "binarySearch" */;
			buildPhases = (
				657BA6FC2238A1DB0000D707 /* Sources */,
				657BA6FD2238A1DB0000D707 /* Frameworks */,
				657BA6FE2238A1DB0000D707 /* CopyFiles */,
			);
			buildRules = (
			);
			dependencies = (
			);
			name = binarySearch;
			productName = binarySearch;
			productReference = 657BA7002238A1DB0000D707 /* binarySearch */;
			productType = "com.apple.product-type.tool";
		};
		658B642D2240927200B4255C /* reverseString */ = {
			isa = PBXNativeTarget;
			buildConfigurationList = 658B64342240927200B4255C /* Build configuration list for PBXNativeTarget "reverseString" */;
			buildPhases = (
				658B642A2240927200B4255C /* Sources */,
				658B642B2240927200B4255C /* Frameworks */,
				658B642C2240927200B4255C /* CopyFiles */,
			);
			buildRules = (
			);
			dependencies = (
			);
			name = reverseString;
			productName = reverseString;
			productReference = 658B642E2240927200B4255C /* reverseString */;
			productType = "com.apple.product-type.tool";
		};
/* End PBXNativeTarget section */

/* Begin PBXProject section */
		657BA6EA2238A1CC0000D707 /* Project object */ = {
			isa = PBXProject;
			attributes = {
				LastUpgradeCheck = 0730;
				ORGANIZATIONNAME = "Hrishikesh Chaudhari";
				TargetAttributes = {
					657BA6F12238A1CC0000D707 = {
						CreatedOnToolsVersion = 7.3.1;
					};
					657BA6FF2238A1DB0000D707 = {
						CreatedOnToolsVersion = 7.3.1;
					};
					658B642D2240927200B4255C = {
						CreatedOnToolsVersion = 7.3.1;
					};
				};
			};
			buildConfigurationList = 657BA6ED2238A1CC0000D707 /* Build configuration list for PBXProject "programingBasics" */;
			compatibilityVersion = "Xcode 3.2";
			developmentRegion = English;
			hasScannedForEncodings = 0;
			knownRegions = (
				en,
			);
			mainGroup = 657BA6E92238A1CC0000D707;
			productRefGroup = 657BA6F32238A1CC0000D707 /* Products */;
			projectDirPath = "";
			projectRoot = "";
			targets = (
				657BA6F12238A1CC0000D707 /* programingBasics */,
				657BA6FF2238A1DB0000D707 /* binarySearch */,
				658B642D2240927200B4255C /* reverseString */,
			);
		};
/* End PBXProject section */

/* Begin PBXSourcesBuildPhase section */
		657BA6EE2238A1CC0000D707 /* Sources */ = {
			isa = PBXSourcesBuildPhase;
			buildActionMask = 2147483647;
			files = (
				657BA6F62238A1CC0000D707 /* main.cpp in Sources */,
			);
			runOnlyForDeploymentPostprocessing = 0;
		};
		657BA6FC2238A1DB0000D707 /* Sources */ = {
			isa = PBXSourcesBuildPhase;
			buildActionMask = 2147483647;
			files = (
				657BA70C2238B3E40000D707 /* binarySearch.cpp in Sources */,
				657BA7032238A1DB0000D707 /* main.cpp in Sources */,
			);
			runOnlyForDeploymentPostprocessing = 0;
		};
		658B642A2240927200B4255C /* Sources */ = {
			isa = PBXSourcesBuildPhase;
			buildActionMask = 2147483647;
			files = (
				658B64312240927200B4255C /* main.cpp in Sources */,
			);
			runOnlyForDeploymentPostprocessing = 0;
		};
/* End PBXSourcesBuildPhase section */

/* Begin XCBuildConfiguration section */
		657BA6F72238A1CC0000D707 /* Debug */ = {
			isa = XCBuildConfiguration;
			buildSettings = {
				ALWAYS_SEARCH_USER_PATHS = NO;
				CLANG_ANALYZER_NONNULL = YES;
				CLANG_CXX_LANGUAGE_STANDARD = "gnu++0x";
				CLANG_CXX_LIBRARY = "libc++";
				CLANG_ENABLE_MODULES = YES;
				CLANG_ENABLE_OBJC_ARC = YES;
				CLANG_WARN_BOOL_CONVERSION = YES;
				CLANG_WARN_CONSTANT_CONVERSION = YES;
				CLANG_WARN_DIRECT_OBJC_ISA_USAGE = YES_ERROR;
				CLANG_WARN_EMPTY_BODY = YES;
				CLANG_WARN_ENUM_CONVERSION = YES;
				CLANG_WARN_INT_CONVERSION = YES;
				CLANG_WARN_OBJC_ROOT_CLASS = YES_ERROR;
				CLANG_WARN_UNREACHABLE_CODE = YES;
				CLANG_WARN__DUPLICATE_METHOD_MATCH = YES;
				CODE_SIGN_IDENTITY = "-";
				COPY_PHASE_STRIP = NO;
				DEBUG_INFORMATION_FORMAT = dwarf;
				ENABLE_STRICT_OBJC_MSGSEND = YES;
				ENABLE_TESTABILITY = YES;
				GCC_C_LANGUAGE_STANDARD = gnu99;
				GCC_DYNAMIC_NO_PIC = NO;
				GCC_NO_COMMON_BLOCKS = YES;
				GCC_OPTIMIZATION_LEVEL = 0;
				GCC_PREPROCESSOR_DEFINITIONS = (
					"DEBUG=1",
					"$(inherited)",
				);
				GCC_WARN_64_TO_32_BIT_CONVERSION = YES;
				GCC_WARN_ABOUT_RETURN_TYPE = YES_ERROR;
				GCC_WARN_UNDECLARED_SELECTOR = YES;
				GCC_WARN_UNINITIALIZED_AUTOS = YES_AGGRESSIVE;
				GCC_WARN_UNUSED_FUNCTION = YES;
				GCC_WARN_UNUSED_VARIABLE = YES;
				MACOSX_DEPLOYMENT_TARGET = 10.13;
				MTL_ENABLE_DEBUG_INFO = YES;
				ONLY_ACTIVE_ARCH = YES;
				SDKROOT = macosx;
			};
			name = Debug;
		};
		657BA6F82238A1CC0000D707 /* Release */ = {
			isa = XCBuildConfiguration;
			buildSettings = {
				ALWAYS_SEARCH_USER_PATHS = NO;
				CLANG_ANALYZER_NONNULL = YES;
				CLANG_CXX_LANGUAGE_STANDARD = "gnu++0x";
				CLANG_CXX_LIBRARY = "libc++";
				CLANG_ENABLE_MODULES = YES;
				CLANG_ENABLE_OBJC_ARC = YES;
				CLANG_WARN_BOOL_CONVERSION = YES;
				CLANG_WARN_CONSTANT_CONVERSION = YES;
				CLANG_WARN_DIRECT_OBJC_ISA_USAGE = YES_ERROR;
				CLANG_WARN_EMPTY_BODY = YES;
				CLANG_WARN_ENUM_CONVERSION = YES;
				CLANG_WARN_INT_CONVERSION = YES;
				CLANG_WARN_OBJC_ROOT_CLASS = YES_ERROR;
				CLANG_WARN_UNREACHABLE_CODE = YES;
				CLANG_WARN__DUPLICATE_METHOD_MATCH = YES;
				CODE_SIGN_IDENTITY = "-";
				COPY_PHASE_STRIP = NO;
				DEBUG_INFORMATION_FORMAT = "dwarf-with-dsym";
				ENABLE_NS_ASSERTIONS = NO;
				ENABLE_STRICT_OBJC_MSGSEND = YES;
				GCC_C_LANGUAGE_STANDARD = gnu99;
				GCC_NO_COMMON_BLOCKS = YES;
				GCC_WARN_64_TO_32_BIT_CONVERSION = YES;
				GCC_WARN_ABOUT_RETURN_TYPE = YES_ERROR;
				GCC_WARN_UNDECLARED_SELECTOR = YES;
				GCC_WARN_UNINITIALIZED_AUTOS = YES_AGGRESSIVE;
				GCC_WARN_UNUSED_FUNCTION = YES;
				GCC_WARN_UNUSED_VARIABLE = YES;
				MACOSX_DEPLOYMENT_TARGET = 10.13;
				MTL_ENABLE_DEBUG_INFO = NO;
				SDKROOT = macosx;
			};
			name = Release;
		};
		657BA6FA2238A1CC0000D707 /* Debug */ = {
			isa = XCBuildConfiguration;
			buildSettings = {
				PRODUCT_NAME = "$(TARGET_NAME)";
			};
			name = Debug;
		};
		657BA6FB2238A1CC0000D707 /* Release */ = {
			isa = XCBuildConfiguration;
			buildSettings = {
				PRODUCT_NAME = "$(TARGET_NAME)";
			};
			name = Release;
		};
		657BA7052238A1DB0000D707 /* Debug */ = {
			isa = XCBuildConfiguration;
			buildSettings = {
				PRODUCT_NAME = "$(TARGET_NAME)";
			};
			name = Debug;
		};
		657BA7062238A1DB0000D707 /* Release */ = {
			isa = XCBuildConfiguration;
			buildSettings = {
				PRODUCT_NAME = "$(TARGET_NAME)";
			};
			name = Release;
		};
		658B64322240927200B4255C /* Debug */ = {
			isa = XCBuildConfiguration;
			buildSettings = {
				PRODUCT_NAME = "$(TARGET_NAME)";
			};
			name = Debug;
		};
		658B64332240927200B4255C /* Release */ = {
			isa = XCBuildConfiguration;
			buildSettings = {
				PRODUCT_NAME = "$(TARGET_NAME)";
			};
			name = Release;
		};
/* End XCBuildConfiguration section */

/* Begin XCConfigurationList section */
		657BA6ED2238A1CC0000D707 /* Build configuration list for PBXProject "programingBasics" */ = {
			isa = XCConfigurationList;
			buildConfigurations = (
				657BA6F72238A1CC0000D707 /* Debug */,
				657BA6F82238A1CC0000D707 /* Release */,
			);
			defaultConfigurationIsVisible = 0;
			defaultConfigurationName = Release;
		};
		657BA6F92238A1CC0000D707 /* Build configuration list for PBXNativeTarget "programingBasics" */ = {
			isa = XCConfigurationList;
			buildConfigurations = (
				657BA6FA2238A1CC0000D707 /* Debug */,
				657BA6FB2238A1CC0000D707 /* Release */,
			);
			defaultConfigurationIsVisible = 0;
			defaultConfigurationName = Release;
		};
		657BA7042238A1DB0000D707 /* Build configuration list for PBXNativeTarget "binarySearch" */ = {
			isa = XCConfigurationList;
			buildConfigurations = (
				657BA7052238A1DB0000D707 /* Debug */,
				657BA7062238A1DB0000D707 /* Release */,
			);
			defaultConfigurationIsVisible = 0;
			defaultConfigurationName = Release;
		};
		658B64342240927200B4255C /* Build configuration list for PBXNativeTarget "reverseString" */ = {
			isa = XCConfigurationList;
			buildConfigurations = (
				658B64322240927200B4255C /* Debug */,
				658B64332240927200B4255C /* Release */,
			);
			defaultConfigurationIsVisible = 0;
		};
/* End XCConfigurationList section */
	};
	rootObject = 657BA6EA2238A1CC0000D707 /* Project object */;
}
